# This file is automatically @generated by Cargo.
# It is not intended for manual editing.
version = 4

[[package]]
name = "use-pip"
version = "0.0.1"

[[package]]
name = "use-pyproject"
version = "0.0.1"

[[package]]
name = "use-pytest"
version = "0.0.1"
dependencies = [
 "use-python-identifier",
]

[[package]]
name = "use-python"
version = "0.0.1"
dependencies = [
 "use-pip",
 "use-pyproject",
 "use-pytest",
 "use-python-identifier",
 "use-python-keyword",
 "use-python-module",
 "use-python-value",
 "use-python-version",
 "use-uv",
 "use-venv",
]

[[package]]
name = "use-python-identifier"
version = "0.0.1"
dependencies = [
 "use-python-keyword",
]

[[package]]
name = "use-python-keyword"
version = "0.0.1"

[[package]]
name = "use-python-module"
version = "0.0.1"
dependencies = [
 "use-python-identifier",
]

[[package]]
name = "use-python-value"
version = "0.0.1"

[[package]]
name = "use-python-version"
version = "0.0.1"

[[package]]
name = "use-uv"
version = "0.0.1"

[[package]]
name = "use-venv"
version = "0.0.1"
